// !$*UTF8*$!
{
	archiveVersion = 1;
	classes = {
	};
	objectVersion = 46;
	objects = {

/* Begin PBXBuildFile section */
		DFE70A491674C16400A92A6B /* UIKit.framework in Frameworks */ = {isa = PBXBuildFile; fileRef = DFE70A481674C16400A92A6B /* UIKit.framework */; };
		DFE70A4B1674C16400A92A6B /* Foundation.framework in Frameworks */ = {isa = PBXBuildFile; fileRef = DFE70A4A1674C16400A92A6B /* Foundation.framework */; };
		DFE70A4D1674C16400A92A6B /* CoreGraphics.framework in Frameworks */ = {isa = PBXBuildFile; fileRef = DFE70A4C1674C16400A92A6B /* CoreGraphics.framework */; };
		DFE70A531674C16400A92A6B /* InfoPlist.strings in Resources */ = {isa = PBXBuildFile; fileRef = DFE70A511674C16400A92A6B /* InfoPlist.strings */; };
		DFE70A551674C16400A92A6B /* main.m in Sources */ = {isa = PBXBuildFile; fileRef = DFE70A541674C16400A92A6B /* main.m */; };
		DFE70A591674C16400A92A6B /* RViewerAppDelegate.m in Sources */ = {isa = PBXBuildFile; fileRef = DFE70A581674C16400A92A6B /* RViewerAppDelegate.m */; };
		DFE70A5B1674C16400A92A6B /* Default.png in Resources */ = {isa = PBXBuildFile; fileRef = DFE70A5A1674C16400A92A6B /* Default.png */; };
		DFE70A5D1674C16400A92A6B /* Default@2x.png in Resources */ = {isa = PBXBuildFile; fileRef = DFE70A5C1674C16400A92A6B /* Default@2x.png */; };
		DFE70A5F1674C16400A92A6B /* Default-568h@2x.png in Resources */ = {isa = PBXBuildFile; fileRef = DFE70A5E1674C16400A92A6B /* Default-568h@2x.png */; };
		DFE70A621674C16400A92A6B /* MainStoryboard_iPhone.storyboard in Resources */ = {isa = PBXBuildFile; fileRef = DFE70A601674C16400A92A6B /* MainStoryboard_iPhone.storyboard */; };
		DFE70A651674C16400A92A6B /* MainStoryboard_iPad.storyboard in Resources */ = {isa = PBXBuildFile; fileRef = DFE70A631674C16400A92A6B /* MainStoryboard_iPad.storyboard */; };
		DFE70A681674C16400A92A6B /* RViewerViewController.m in Sources */ = {isa = PBXBuildFile; fileRef = DFE70A671674C16400A92A6B /* RViewerViewController.m */; };
/* End PBXBuildFile section */

/* Begin PBXFileReference section */
		DFE70A441674C16400A92A6B /* RenjuViewer.app */ = {isa = PBXFileReference; explicitFileType = wrapper.application; includeInIndex = 0; path = RenjuViewer.app; sourceTree = BUILT_PRODUCTS_DIR; };
		DFE70A481674C16400A92A6B /* UIKit.framework */ = {isa = PBXFileReference; lastKnownFileType = wrapper.framework; name = UIKit.framework; path = System/Library/Frameworks/UIKit.framework; sourceTree = SDKROOT; };
		DFE70A4A1674C16400A92A6B /* Foundation.framework */ = {isa = PBXFileReference; lastKnownFileType = wrapper.framework; name = Foundation.framework; path = System/Library/Frameworks/Foundation.framework; sourceTree = SDKROOT; };
		DFE70A4C1674C16400A92A6B /* CoreGraphics.framework */ = {isa = PBXFileReference; lastKnownFileType = wrapper.framework; name = CoreGraphics.framework; path = System/Library/Frameworks/CoreGraphics.framework; sourceTree = SDKROOT; };
		DFE70A501674C16400A92A6B /* RenjuViewer-Info.plist */ = {isa = PBXFileReference; lastKnownFileType = text.plist.xml; path = "RenjuViewer-Info.plist"; sourceTree = "<group>"; };
		DFE70A521674C16400A92A6B /* en */ = {isa = PBXFileReference; lastKnownFileType = text.plist.strings; name = en; path = en.lproj/InfoPlist.strings; sourceTree = "<group>"; };
		DFE70A541674C16400A92A6B /* main.m */ = {isa = PBXFileReference; lastKnownFileType = sourcecode.c.objc; path = main.m; sourceTree = "<group>"; };
		DFE70A561674C16400A92A6B /* RenjuViewer-Prefix.pch */ = {isa = PBXFileReference; lastKnownFileType = sourcecode.c.h; path = "RenjuViewer-Prefix.pch"; sourceTree = "<group>"; };
		DFE70A571674C16400A92A6B /* RViewerAppDelegate.h */ = {isa = PBXFileReference; lastKnownFileType = sourcecode.c.h; path = RViewerAppDelegate.h; sourceTree = "<group>"; };
		DFE70A581674C16400A92A6B /* RViewerAppDelegate.m */ = {isa = PBXFileReference; lastKnownFileType = sourcecode.c.objc; path = RViewerAppDelegate.m; sourceTree = "<group>"; };
		DFE70A5A1674C16400A92A6B /* Default.png */ = {isa = PBXFileReference; lastKnownFileType = image.png; path = Default.png; sourceTree = "<group>"; };
		DFE70A5C1674C16400A92A6B /* Default@2x.png */ = {isa = PBXFileReference; lastKnownFileType = image.png; path = "Default@2x.png"; sourceTree = "<group>"; };
		DFE70A5E1674C16400A92A6B /* Default-568h@2x.png */ = {isa = PBXFileReference; lastKnownFileType = image.png; path = "Default-568h@2x.png"; sourceTree = "<group>"; };
		DFE70A611674C16400A92A6B /* en */ = {isa = PBXFileReference; lastKnownFileType = file.storyboard; name = en; path = en.lproj/MainStoryboard_iPhone.storyboard; sourceTree = "<group>"; };
		DFE70A641674C16400A92A6B /* en */ = {isa = PBXFileReference; lastKnownFileType = file.storyboard; name = en; path = en.lproj/MainStoryboard_iPad.storyboard; sourceTree = "<group>"; };
		DFE70A661674C16400A92A6B /* RViewerViewController.h */ = {isa = PBXFileReference; lastKnownFileType = sourcecode.c.h; path = RViewerViewController.h; sourceTree = "<group>"; };
		DFE70A671674C16400A92A6B /* RViewerViewController.m */ = {isa = PBXFileReference; lastKnownFileType = sourcecode.c.objc; path = RViewerViewController.m; sourceTree = "<group>"; };
/* End PBXFileReference section */

/* Begin PBXFrameworksBuildPhase section */
		DFE70A411674C16400A92A6B /* Frameworks */ = {
			isa = PBXFrameworksBuildPhase;
			buildActionMask = 2147483647;
			files = (
				DFE70A491674C16400A92A6B /* UIKit.framework in Frameworks */,
				DFE70A4B1674C16400A92A6B /* Foundation.framework in Frameworks */,
				DFE70A4D1674C16400A92A6B /* CoreGraphics.framework in Frameworks */,
			);
			runOnlyForDeploymentPostprocessing = 0;
		};
/* End PBXFrameworksBuildPhase section */

/* Begin PBXGroup section */
		DFE70A391674C16400A92A6B = {
			isa = PBXGroup;
			children = (
				DFE70A4E1674C16400A92A6B /* RenjuViewer */,
				DFE70A471674C16400A92A6B /* Frameworks */,
				DFE70A451674C16400A92A6B /* Products */,
			);
			sourceTree = "<group>";
		};
		DFE70A451674C16400A92A6B /* Products */ = {
			isa = PBXGroup;
			children = (
				DFE70A441674C16400A92A6B /* RenjuViewer.app */,
			);
			name = Products;
			sourceTree = "<group>";
		};
		DFE70A471674C16400A92A6B /* Frameworks */ = {
			isa = PBXGroup;
			children = (
				DFE70A481674C16400A92A6B /* UIKit.framework */,
				DFE70A4A1674C16400A92A6B /* Foundation.framework */,
				DFE70A4C1674C16400A92A6B /* CoreGraphics.framework */,
			);
			name = Frameworks;
			sourceTree = "<group>";
		};
		DFE70A4E1674C16400A92A6B /* RenjuViewer */ = {
			isa = PBXGroup;
			children = (
				DFE70A571674C16400A92A6B /* RViewerAppDelegate.h */,
				DFE70A581674C16400A92A6B /* RViewerAppDelegate.m */,
				DFE70A601674C16400A92A6B /* MainStoryboard_iPhone.storyboard */,
				DFE70A631674C16400A92A6B /* MainStoryboard_iPad.storyboard */,
				DFE70A661674C16400A92A6B /* RViewerViewController.h */,
				DFE70A671674C16400A92A6B /* RViewerViewController.m */,
				DFE70A4F1674C16400A92A6B /* Supporting Files */,
			);
			path = RenjuViewer;
			sourceTree = "<group>";
		};
		DFE70A4F1674C16400A92A6B /* Supporting Files */ = {
			isa = PBXGroup;
			children = (
				DFE70A501674C16400A92A6B /* RenjuViewer-Info.plist */,
				DFE70A511674C16400A92A6B /* InfoPlist.strings */,
				DFE70A541674C16400A92A6B /* main.m */,
				DFE70A561674C16400A92A6B /* RenjuViewer-Prefix.pch */,
				DFE70A5A1674C16400A92A6B /* Default.png */,
				DFE70A5C1674C16400A92A6B /* Default@2x.png */,
				DFE70A5E1674C16400A92A6B /* Default-568h@2x.png */,
			);
			name = "Supporting Files";
			sourceTree = "<group>";
		};
/* End PBXGroup section */

/* Begin PBXNativeTarget section */
		DFE70A431674C16400A92A6B /* RenjuViewer */ = {
			isa = PBXNativeTarget;
			buildConfigurationList = DFE70A6B1674C16400A92A6B /* Build configuration list for PBXNativeTarget "RenjuViewer" */;
			buildPhases = (
				DFE70A401674C16400A92A6B /* Sources */,
				DFE70A411674C16400A92A6B /* Frameworks */,
				DFE70A421674C16400A92A6B /* Resources */,
			);
			buildRules = (
			);
			dependencies = (
			);
			name = RenjuViewer;
			productName = RenjuViewer;
			productReference = DFE70A441674C16400A92A6B /* RenjuViewer.app */;
			productType = "com.apple.product-type.application";
		};
/* End PBXNativeTarget section */

/* Begin PBXProject section */
		DFE70A3B1674C16400A92A6B /* Project object */ = {
			isa = PBXProject;
			attributes = {
				CLASSPREFIX = RViewer;
				LastUpgradeCheck = 0450;
				ORGANIZATIONNAME = Junius;
			};
			buildConfigurationList = DFE70A3E1674C16400A92A6B /* Build configuration list for PBXProject "RenjuViewer" */;
			compatibilityVersion = "Xcode 3.2";
			developmentRegion = English;
			hasScannedForEncodings = 0;
			knownRegions = (
				en,
			);
			mainGroup = DFE70A391674C16400A92A6B;
			productRefGroup = DFE70A451674C16400A92A6B /* Products */;
			projectDirPath = "";
			projectRoot = "";
			targets = (
				DFE70A431674C16400A92A6B /* RenjuViewer */,
			);
		};
/* End PBXProject section */

/* Begin PBXResourcesBuildPhase section */
		DFE70A421674C16400A92A6B /* Resources */ = {
			isa = PBXResourcesBuildPhase;
			buildActionMask = 2147483647;
			files = (
				DFE70A531674C16400A92A6B /* InfoPlist.strings in Resources */,
				DFE70A5B1674C16400A92A6B /* Default.png in Resources */,
				DFE70A5D1674C16400A92A6B /* Default@2x.png in Resources */,
				DFE70A5F1674C16400A92A6B /* Default-568h@2x.png in Resources */,
				DFE70A621674C16400A92A6B /* MainStoryboard_iPhone.storyboard in Resources */,
				DFE70A651674C16400A92A6B /* MainStoryboard_iPad.storyboard in Resources */,
			);
			runOnlyForDeploymentPostprocessing = 0;
		};
/* End PBXResourcesBuildPhase section */

/* Begin PBXSourcesBuildPhase section */
		DFE70A401674C16400A92A6B /* Sources */ = {
			isa = PBXSourcesBuildPhase;
			buildActionMask = 2147483647;
			files = (
				DFE70A551674C16400A92A6B /* main.m in Sources */,
				DFE70A591674C16400A92A6B /* RViewerAppDelegate.m in Sources */,
				DFE70A681674C16400A92A6B /* RViewerViewController.m in Sources */,
			);
			runOnlyForDeploymentPostprocessing = 0;
		};
/* End PBXSourcesBuildPhase section */

/* Begin PBXVariantGroup section */
		DFE70A511674C16400A92A6B /* InfoPlist.strings */ = {
			isa = PBXVariantGroup;
			children = (
				DFE70A521674C16400A92A6B /* en */,
			);
			name = InfoPlist.strings;
			sourceTree = "<group>";
		};
		DFE70A601674C16400A92A6B /* MainStoryboard_iPhone.storyboard */ = {
			isa = PBXVariantGroup;
			children = (
				DFE70A611674C16400A92A6B /* en */,
			);
			name = MainStoryboard_iPhone.storyboard;
			sourceTree = "<group>";
		};
		DFE70A631674C16400A92A6B /* MainStoryboard_iPad.storyboard */ = {
			isa = PBXVariantGroup;
			children = (
				DFE70A641674C16400A92A6B /* en */,
			);
			name = MainStoryboard_iPad.storyboard;
			sourceTree = "<group>";
		};
/* End PBXVariantGroup section */

/* Begin XCBuildConfiguration section */
		DFE70A691674C16400A92A6B /* Debug */ = {
			isa = XCBuildConfiguration;
			buildSettings = {
				ALWAYS_SEARCH_USER_PATHS = NO;
				CLANG_CXX_LANGUAGE_STANDARD = "gnu++0x";
				CLANG_CXX_LIBRARY = "libc++";
				CLANG_ENABLE_OBJC_ARC = YES;
				CLANG_WARN_EMPTY_BODY = YES;
				CLANG_WARN__DUPLICATE_METHOD_MATCH = YES;
				"CODE_SIGN_IDENTITY[sdk=iphoneos*]" = "iPhone Developer";
				COPY_PHASE_STRIP = NO;
				GCC_C_LANGUAGE_STANDARD = gnu99;
				GCC_DYNAMIC_NO_PIC = NO;
				GCC_OPTIMIZATION_LEVEL = 0;
				GCC_PREPROCESSOR_DEFINITIONS = (
					"DEBUG=1",
					"$(inherited)",
				);
				GCC_SYMBOLS_PRIVATE_EXTERN = NO;
				GCC_WARN_ABOUT_RETURN_TYPE = YES;
				GCC_WARN_UNINITIALIZED_AUTOS = YES;
				GCC_WARN_UNUSED_VARIABLE = YES;
				IPHONEOS_DEPLOYMENT_TARGET = 6.0;
				ONLY_ACTIVE_ARCH = YES;
				SDKROOT = iphoneos;
				TARGETED_DEVICE_FAMILY = "1,2";
			};
			name = Debug;
		};
		DFE70A6A1674C16400A92A6B /* Release */ = {
			isa = XCBuildConfiguration;
			buildSettings = {
				ALWAYS_SEARCH_USER_PATHS = NO;
				CLANG_CXX_LANGUAGE_STANDARD = "gnu++0x";
				CLANG_CXX_LIBRARY = "libc++";
				CLANG_ENABLE_OBJC_ARC = YES;
				CLANG_WARN_EMPTY_BODY = YES;
				CLANG_WARN__DUPLICATE_METHOD_MATCH = YES;
				"CODE_SIGN_IDENTITY[sdk=iphoneos*]" = "iPhone Developer";
				COPY_PHASE_STRIP = YES;
				GCC_C_LANGUAGE_STANDARD = gnu99;
				GCC_WARN_ABOUT_RETURN_TYPE = YES;
				GCC_WARN_UNINITIALIZED_AUTOS = YES;
				GCC_WARN_UNUSED_VARIABLE = YES;
				IPHONEOS_DEPLOYMENT_TARGET = 6.0;
				OTHER_CFLAGS = "-DNS_BLOCK_ASSERTIONS=1";
				SDKROOT = iphoneos;
				TARGETED_DEVICE_FAMILY = "1,2";
				VALIDATE_PRODUCT = YES;
			};
			name = Release;
		};
		DFE70A6C1674C16400A92A6B /* Debug */ = {
			isa = XCBuildConfiguration;
			buildSettings = {
				GCC_PRECOMPILE_PREFIX_HEADER = YES;
				GCC_PREFIX_HEADER = "RenjuViewer/RenjuViewer-Prefix.pch";
				INFOPLIST_FILE = "RenjuViewer/RenjuViewer-Info.plist";
				PRODUCT_NAME = "$(TARGET_NAME)";
				WRAPPER_EXTENSION = app;
			};
			name = Debug;
		};
		DFE70A6D1674C16400A92A6B /* Release */ = {
			isa = XCBuildConfiguration;
			buildSettings = {
				GCC_PRECOMPILE_PREFIX_HEADER = YES;
				GCC_PREFIX_HEADER = "RenjuViewer/RenjuViewer-Prefix.pch";
				INFOPLIST_FILE = "RenjuViewer/RenjuViewer-Info.plist";
				PRODUCT_NAME = "$(TARGET_NAME)";
				WRAPPER_EXTENSION = app;
			};
			name = Release;
		};
/* End XCBuildConfiguration section */

/* Begin XCConfigurationList section */
		DFE70A3E1674C16400A92A6B /* Build configuration list for PBXProject "RenjuViewer" */ = {
			isa = XCConfigurationList;
			buildConfigurations = (
				DFE70A691674C16400A92A6B /* Debug */,
				DFE70A6A1674C16400A92A6B /* Release */,
			);
			defaultConfigurationIsVisible = 0;
			defaultConfigurationName = Release;
		};
		DFE70A6B1674C16400A92A6B /* Build configuration list for PBXNativeTarget "RenjuViewer" */ = {
			isa = XCConfigurationList;
			buildConfigurations = (
				DFE70A6C1674C16400A92A6B /* Debug */,
				DFE70A6D1674C16400A92A6B /* Release */,
			);
			defaultConfigurationIsVisible = 0;
		};
/* End XCConfigurationList section */
	};
	rootObject = DFE70A3B1674C16400A92A6B /* Project object */;
}
