// !$*UTF8*$!
{
	archiveVersion = 1;
	classes = {
	};
	objectVersion = 46;
	objects = {

/* Begin PBXBuildFile section */
		DFD354661674BC860074E4DF /* UIKit.framework in Frameworks */ = {isa = PBXBuildFile; fileRef = DFD354651674BC860074E4DF /* UIKit.framework */; };
		DFD354681674BC860074E4DF /* Foundation.framework in Frameworks */ = {isa = PBXBuildFile; fileRef = DFD354671674BC860074E4DF /* Foundation.framework */; };
		DFD3546A1674BC860074E4DF /* CoreGraphics.framework in Frameworks */ = {isa = PBXBuildFile; fileRef = DFD354691674BC860074E4DF /* CoreGraphics.framework */; };
		DFD354701674BC860074E4DF /* InfoPlist.strings in Resources */ = {isa = PBXBuildFile; fileRef = DFD3546E1674BC860074E4DF /* InfoPlist.strings */; };
		DFD354721674BC860074E4DF /* main.m in Sources */ = {isa = PBXBuildFile; fileRef = DFD354711674BC860074E4DF /* main.m */; };
		DFD354761674BC860074E4DF /* RenLibAppDelegate.m in Sources */ = {isa = PBXBuildFile; fileRef = DFD354751674BC860074E4DF /* RenLibAppDelegate.m */; };
		DFD354781674BC860074E4DF /* Default.png in Resources */ = {isa = PBXBuildFile; fileRef = DFD354771674BC860074E4DF /* Default.png */; };
		DFD3547A1674BC860074E4DF /* Default@2x.png in Resources */ = {isa = PBXBuildFile; fileRef = DFD354791674BC860074E4DF /* Default@2x.png */; };
		DFD3547C1674BC860074E4DF /* Default-568h@2x.png in Resources */ = {isa = PBXBuildFile; fileRef = DFD3547B1674BC860074E4DF /* Default-568h@2x.png */; };
		DFD3547F1674BC860074E4DF /* MainStoryboard_iPhone.storyboard in Resources */ = {isa = PBXBuildFile; fileRef = DFD3547D1674BC860074E4DF /* MainStoryboard_iPhone.storyboard */; };
		DFD354821674BC860074E4DF /* MainStoryboard_iPad.storyboard in Resources */ = {isa = PBXBuildFile; fileRef = DFD354801674BC860074E4DF /* MainStoryboard_iPad.storyboard */; };
		DFD354851674BC860074E4DF /* RenLibViewController.m in Sources */ = {isa = PBXBuildFile; fileRef = DFD354841674BC860074E4DF /* RenLibViewController.m */; };
/* End PBXBuildFile section */

/* Begin PBXFileReference section */
		DFD354611674BC860074E4DF /* RenLib.app */ = {isa = PBXFileReference; explicitFileType = wrapper.application; includeInIndex = 0; path = RenLib.app; sourceTree = BUILT_PRODUCTS_DIR; };
		DFD354651674BC860074E4DF /* UIKit.framework */ = {isa = PBXFileReference; lastKnownFileType = wrapper.framework; name = UIKit.framework; path = System/Library/Frameworks/UIKit.framework; sourceTree = SDKROOT; };
		DFD354671674BC860074E4DF /* Foundation.framework */ = {isa = PBXFileReference; lastKnownFileType = wrapper.framework; name = Foundation.framework; path = System/Library/Frameworks/Foundation.framework; sourceTree = SDKROOT; };
		DFD354691674BC860074E4DF /* CoreGraphics.framework */ = {isa = PBXFileReference; lastKnownFileType = wrapper.framework; name = CoreGraphics.framework; path = System/Library/Frameworks/CoreGraphics.framework; sourceTree = SDKROOT; };
		DFD3546D1674BC860074E4DF /* RenLib-Info.plist */ = {isa = PBXFileReference; lastKnownFileType = text.plist.xml; path = "RenLib-Info.plist"; sourceTree = "<group>"; };
		DFD3546F1674BC860074E4DF /* en */ = {isa = PBXFileReference; lastKnownFileType = text.plist.strings; name = en; path = en.lproj/InfoPlist.strings; sourceTree = "<group>"; };
		DFD354711674BC860074E4DF /* main.m */ = {isa = PBXFileReference; lastKnownFileType = sourcecode.c.objc; path = main.m; sourceTree = "<group>"; };
		DFD354731674BC860074E4DF /* RenLib-Prefix.pch */ = {isa = PBXFileReference; lastKnownFileType = sourcecode.c.h; path = "RenLib-Prefix.pch"; sourceTree = "<group>"; };
		DFD354741674BC860074E4DF /* RenLibAppDelegate.h */ = {isa = PBXFileReference; lastKnownFileType = sourcecode.c.h; path = RenLibAppDelegate.h; sourceTree = "<group>"; };
		DFD354751674BC860074E4DF /* RenLibAppDelegate.m */ = {isa = PBXFileReference; lastKnownFileType = sourcecode.c.objc; path = RenLibAppDelegate.m; sourceTree = "<group>"; };
		DFD354771674BC860074E4DF /* Default.png */ = {isa = PBXFileReference; lastKnownFileType = image.png; path = Default.png; sourceTree = "<group>"; };
		DFD354791674BC860074E4DF /* Default@2x.png */ = {isa = PBXFileReference; lastKnownFileType = image.png; path = "Default@2x.png"; sourceTree = "<group>"; };
		DFD3547B1674BC860074E4DF /* Default-568h@2x.png */ = {isa = PBXFileReference; lastKnownFileType = image.png; path = "Default-568h@2x.png"; sourceTree = "<group>"; };
		DFD3547E1674BC860074E4DF /* en */ = {isa = PBXFileReference; lastKnownFileType = file.storyboard; name = en; path = en.lproj/MainStoryboard_iPhone.storyboard; sourceTree = "<group>"; };
		DFD354811674BC860074E4DF /* en */ = {isa = PBXFileReference; lastKnownFileType = file.storyboard; name = en; path = en.lproj/MainStoryboard_iPad.storyboard; sourceTree = "<group>"; };
		DFD354831674BC860074E4DF /* RenLibViewController.h */ = {isa = PBXFileReference; lastKnownFileType = sourcecode.c.h; path = RenLibViewController.h; sourceTree = "<group>"; };
		DFD354841674BC860074E4DF /* RenLibViewController.m */ = {isa = PBXFileReference; lastKnownFileType = sourcecode.c.objc; path = RenLibViewController.m; sourceTree = "<group>"; };
/* End PBXFileReference section */

/* Begin PBXFrameworksBuildPhase section */
		DFD3545E1674BC860074E4DF /* Frameworks */ = {
			isa = PBXFrameworksBuildPhase;
			buildActionMask = 2147483647;
			files = (
				DFD354661674BC860074E4DF /* UIKit.framework in Frameworks */,
				DFD354681674BC860074E4DF /* Foundation.framework in Frameworks */,
				DFD3546A1674BC860074E4DF /* CoreGraphics.framework in Frameworks */,
			);
			runOnlyForDeploymentPostprocessing = 0;
		};
/* End PBXFrameworksBuildPhase section */

/* Begin PBXGroup section */
		DFD354561674BC860074E4DF = {
			isa = PBXGroup;
			children = (
				DFD3546B1674BC860074E4DF /* RenLib */,
				DFD354641674BC860074E4DF /* Frameworks */,
				DFD354621674BC860074E4DF /* Products */,
			);
			sourceTree = "<group>";
		};
		DFD354621674BC860074E4DF /* Products */ = {
			isa = PBXGroup;
			children = (
				DFD354611674BC860074E4DF /* RenLib.app */,
			);
			name = Products;
			sourceTree = "<group>";
		};
		DFD354641674BC860074E4DF /* Frameworks */ = {
			isa = PBXGroup;
			children = (
				DFD354651674BC860074E4DF /* UIKit.framework */,
				DFD354671674BC860074E4DF /* Foundation.framework */,
				DFD354691674BC860074E4DF /* CoreGraphics.framework */,
			);
			name = Frameworks;
			sourceTree = "<group>";
		};
		DFD3546B1674BC860074E4DF /* RenLib */ = {
			isa = PBXGroup;
			children = (
				DFD354741674BC860074E4DF /* RenLibAppDelegate.h */,
				DFD354751674BC860074E4DF /* RenLibAppDelegate.m */,
				DFD3547D1674BC860074E4DF /* MainStoryboard_iPhone.storyboard */,
				DFD354801674BC860074E4DF /* MainStoryboard_iPad.storyboard */,
				DFD354831674BC860074E4DF /* RenLibViewController.h */,
				DFD354841674BC860074E4DF /* RenLibViewController.m */,
				DFD3546C1674BC860074E4DF /* Supporting Files */,
			);
			path = RenLib;
			sourceTree = "<group>";
		};
		DFD3546C1674BC860074E4DF /* Supporting Files */ = {
			isa = PBXGroup;
			children = (
				DFD3546D1674BC860074E4DF /* RenLib-Info.plist */,
				DFD3546E1674BC860074E4DF /* InfoPlist.strings */,
				DFD354711674BC860074E4DF /* main.m */,
				DFD354731674BC860074E4DF /* RenLib-Prefix.pch */,
				DFD354771674BC860074E4DF /* Default.png */,
				DFD354791674BC860074E4DF /* Default@2x.png */,
				DFD3547B1674BC860074E4DF /* Default-568h@2x.png */,
			);
			name = "Supporting Files";
			sourceTree = "<group>";
		};
/* End PBXGroup section */

/* Begin PBXNativeTarget section */
		DFD354601674BC860074E4DF /* RenLib */ = {
			isa = PBXNativeTarget;
			buildConfigurationList = DFD354881674BC860074E4DF /* Build configuration list for PBXNativeTarget "RenLib" */;
			buildPhases = (
				DFD3545D1674BC860074E4DF /* Sources */,
				DFD3545E1674BC860074E4DF /* Frameworks */,
				DFD3545F1674BC860074E4DF /* Resources */,
			);
			buildRules = (
			);
			dependencies = (
			);
			name = RenLib;
			productName = RenLib;
			productReference = DFD354611674BC860074E4DF /* RenLib.app */;
			productType = "com.apple.product-type.application";
		};
/* End PBXNativeTarget section */

/* Begin PBXProject section */
		DFD354581674BC860074E4DF /* Project object */ = {
			isa = PBXProject;
			attributes = {
				CLASSPREFIX = RenLib;
				LastUpgradeCheck = 0450;
				ORGANIZATIONNAME = Junius;
			};
			buildConfigurationList = DFD3545B1674BC860074E4DF /* Build configuration list for PBXProject "RenLib" */;
			compatibilityVersion = "Xcode 3.2";
			developmentRegion = English;
			hasScannedForEncodings = 0;
			knownRegions = (
				en,
			);
			mainGroup = DFD354561674BC860074E4DF;
			productRefGroup = DFD354621674BC860074E4DF /* Products */;
			projectDirPath = "";
			projectRoot = "";
			targets = (
				DFD354601674BC860074E4DF /* RenLib */,
			);
		};
/* End PBXProject section */

/* Begin PBXResourcesBuildPhase section */
		DFD3545F1674BC860074E4DF /* Resources */ = {
			isa = PBXResourcesBuildPhase;
			buildActionMask = 2147483647;
			files = (
				DFD354701674BC860074E4DF /* InfoPlist.strings in Resources */,
				DFD354781674BC860074E4DF /* Default.png in Resources */,
				DFD3547A1674BC860074E4DF /* Default@2x.png in Resources */,
				DFD3547C1674BC860074E4DF /* Default-568h@2x.png in Resources */,
				DFD3547F1674BC860074E4DF /* MainStoryboard_iPhone.storyboard in Resources */,
				DFD354821674BC860074E4DF /* MainStoryboard_iPad.storyboard in Resources */,
			);
			runOnlyForDeploymentPostprocessing = 0;
		};
/* End PBXResourcesBuildPhase section */

/* Begin PBXSourcesBuildPhase section */
		DFD3545D1674BC860074E4DF /* Sources */ = {
			isa = PBXSourcesBuildPhase;
			buildActionMask = 2147483647;
			files = (
				DFD354721674BC860074E4DF /* main.m in Sources */,
				DFD354761674BC860074E4DF /* RenLibAppDelegate.m in Sources */,
				DFD354851674BC860074E4DF /* RenLibViewController.m in Sources */,
			);
			runOnlyForDeploymentPostprocessing = 0;
		};
/* End PBXSourcesBuildPhase section */

/* Begin PBXVariantGroup section */
		DFD3546E1674BC860074E4DF /* InfoPlist.strings */ = {
			isa = PBXVariantGroup;
			children = (
				DFD3546F1674BC860074E4DF /* en */,
			);
			name = InfoPlist.strings;
			sourceTree = "<group>";
		};
		DFD3547D1674BC860074E4DF /* MainStoryboard_iPhone.storyboard */ = {
			isa = PBXVariantGroup;
			children = (
				DFD3547E1674BC860074E4DF /* en */,
			);
			name = MainStoryboard_iPhone.storyboard;
			sourceTree = "<group>";
		};
		DFD354801674BC860074E4DF /* MainStoryboard_iPad.storyboard */ = {
			isa = PBXVariantGroup;
			children = (
				DFD354811674BC860074E4DF /* en */,
			);
			name = MainStoryboard_iPad.storyboard;
			sourceTree = "<group>";
		};
/* End PBXVariantGroup section */

/* Begin XCBuildConfiguration section */
		DFD354861674BC860074E4DF /* Debug */ = {
			isa = XCBuildConfiguration;
			buildSettings = {
				ALWAYS_SEARCH_USER_PATHS = NO;
				CLANG_CXX_LANGUAGE_STANDARD = "gnu++0x";
				CLANG_CXX_LIBRARY = "libc++";
				CLANG_ENABLE_OBJC_ARC = YES;
				CLANG_WARN_EMPTY_BODY = YES;
				CLANG_WARN__DUPLICATE_METHOD_MATCH = YES;
				"CODE_SIGN_IDENTITY[sdk=iphoneos*]" = "iPhone Developer";
				COPY_PHASE_STRIP = NO;
				GCC_C_LANGUAGE_STANDARD = gnu99;
				GCC_DYNAMIC_NO_PIC = NO;
				GCC_OPTIMIZATION_LEVEL = 0;
				GCC_PREPROCESSOR_DEFINITIONS = (
					"DEBUG=1",
					"$(inherited)",
				);
				GCC_SYMBOLS_PRIVATE_EXTERN = NO;
				GCC_WARN_ABOUT_RETURN_TYPE = YES;
				GCC_WARN_UNINITIALIZED_AUTOS = YES;
				GCC_WARN_UNUSED_VARIABLE = YES;
				IPHONEOS_DEPLOYMENT_TARGET = 6.0;
				ONLY_ACTIVE_ARCH = YES;
				SDKROOT = iphoneos;
				TARGETED_DEVICE_FAMILY = "1,2";
			};
			name = Debug;
		};
		DFD354871674BC860074E4DF /* Release */ = {
			isa = XCBuildConfiguration;
			buildSettings = {
				ALWAYS_SEARCH_USER_PATHS = NO;
				CLANG_CXX_LANGUAGE_STANDARD = "gnu++0x";
				CLANG_CXX_LIBRARY = "libc++";
				CLANG_ENABLE_OBJC_ARC = YES;
				CLANG_WARN_EMPTY_BODY = YES;
				CLANG_WARN__DUPLICATE_METHOD_MATCH = YES;
				"CODE_SIGN_IDENTITY[sdk=iphoneos*]" = "iPhone Developer";
				COPY_PHASE_STRIP = YES;
				GCC_C_LANGUAGE_STANDARD = gnu99;
				GCC_WARN_ABOUT_RETURN_TYPE = YES;
				GCC_WARN_UNINITIALIZED_AUTOS = YES;
				GCC_WARN_UNUSED_VARIABLE = YES;
				IPHONEOS_DEPLOYMENT_TARGET = 6.0;
				OTHER_CFLAGS = "-DNS_BLOCK_ASSERTIONS=1";
				SDKROOT = iphoneos;
				TARGETED_DEVICE_FAMILY = "1,2";
				VALIDATE_PRODUCT = YES;
			};
			name = Release;
		};
		DFD354891674BC860074E4DF /* Debug */ = {
			isa = XCBuildConfiguration;
			buildSettings = {
				GCC_PRECOMPILE_PREFIX_HEADER = YES;
				GCC_PREFIX_HEADER = "RenLib/RenLib-Prefix.pch";
				INFOPLIST_FILE = "RenLib/RenLib-Info.plist";
				PRODUCT_NAME = "$(TARGET_NAME)";
				WRAPPER_EXTENSION = app;
			};
			name = Debug;
		};
		DFD3548A1674BC860074E4DF /* Release */ = {
			isa = XCBuildConfiguration;
			buildSettings = {
				GCC_PRECOMPILE_PREFIX_HEADER = YES;
				GCC_PREFIX_HEADER = "RenLib/RenLib-Prefix.pch";
				INFOPLIST_FILE = "RenLib/RenLib-Info.plist";
				PRODUCT_NAME = "$(TARGET_NAME)";
				WRAPPER_EXTENSION = app;
			};
			name = Release;
		};
/* End XCBuildConfiguration section */

/* Begin XCConfigurationList section */
		DFD3545B1674BC860074E4DF /* Build configuration list for PBXProject "RenLib" */ = {
			isa = XCConfigurationList;
			buildConfigurations = (
				DFD354861674BC860074E4DF /* Debug */,
				DFD354871674BC860074E4DF /* Release */,
			);
			defaultConfigurationIsVisible = 0;
			defaultConfigurationName = Release;
		};
		DFD354881674BC860074E4DF /* Build configuration list for PBXNativeTarget "RenLib" */ = {
			isa = XCConfigurationList;
			buildConfigurations = (
				DFD354891674BC860074E4DF /* Debug */,
				DFD3548A1674BC860074E4DF /* Release */,
			);
			defaultConfigurationIsVisible = 0;
		};
/* End XCConfigurationList section */
	};
	rootObject = DFD354581674BC860074E4DF /* Project object */;
}
